// !$*UTF8*$!
{
	archiveVersion = 1;
	classes = {
	};
	objectVersion = 46;
	objects = {

/* Begin PBXBuildFile section */
		9202BD7B1D9826F200968287 /* AppDelegate.swift in Sources */ = {isa = PBXBuildFile; fileRef = 9202BD7A1D9826F200968287 /* AppDelegate.swift */; };
		9202BD7D1D9826F200968287 /* ViewController.swift in Sources */ = {isa = PBXBuildFile; fileRef = 9202BD7C1D9826F200968287 /* ViewController.swift */; };
		9202BD801D9826F200968287 /* Main.storyboard in Resources */ = {isa = PBXBuildFile; fileRef = 9202BD7E1D9826F200968287 /* Main.storyboard */; };
		9202BD821D9826F200968287 /* Assets.xcassets in Resources */ = {isa = PBXBuildFile; fileRef = 9202BD811D9826F200968287 /* Assets.xcassets */; };
		9202BD851D9826F200968287 /* LaunchScreen.storyboard in Resources */ = {isa = PBXBuildFile; fileRef = 9202BD831D9826F200968287 /* LaunchScreen.storyboard */; };
/* End PBXBuildFile section */

/* Begin PBXFileReference section */
		9202BD771D9826F200968287 /* MyTwitter.app */ = {isa = PBXFileReference; explicitFileType = wrapper.application; includeInIndex = 0; path = MyTwitter.app; sourceTree = BUILT_PRODUCTS_DIR; };
		9202BD7A1D9826F200968287 /* AppDelegate.swift */ = {isa = PBXFileReference; lastKnownFileType = sourcecode.swift; path = AppDelegate.swift; sourceTree = "<group>"; };
		9202BD7C1D9826F200968287 /* ViewController.swift */ = {isa = PBXFileReference; lastKnownFileType = sourcecode.swift; path = ViewController.swift; sourceTree = "<group>"; };
		9202BD7F1D9826F200968287 /* Base */ = {isa = PBXFileReference; lastKnownFileType = file.storyboard; name = Base; path = Base.lproj/Main.storyboard; sourceTree = "<group>"; };
		9202BD811D9826F200968287 /* Assets.xcassets */ = {isa = PBXFileReference; lastKnownFileType = folder.assetcatalog; path = Assets.xcassets; sourceTree = "<group>"; };
		9202BD841D9826F200968287 /* Base */ = {isa = PBXFileReference; lastKnownFileType = file.storyboard; name = Base; path = Base.lproj/LaunchScreen.storyboard; sourceTree = "<group>"; };
		9202BD861D9826F200968287 /* Info.plist */ = {isa = PBXFileReference; lastKnownFileType = text.plist.xml; path = Info.plist; sourceTree = "<group>"; };
/* End PBXFileReference section */

/* Begin PBXFrameworksBuildPhase section */
		9202BD741D9826F200968287 /* Frameworks */ = {
			isa = PBXFrameworksBuildPhase;
			buildActionMask = 2147483647;
			files = (
			);
			runOnlyForDeploymentPostprocessing = 0;
		};
/* End PBXFrameworksBuildPhase section */

/* Begin PBXGroup section */
		9202BD6E1D9826F200968287 = {
			isa = PBXGroup;
			children = (
				9202BD791D9826F200968287 /* MyTwitter */,
				9202BD781D9826F200968287 /* Products */,
			);
			sourceTree = "<group>";
		};
		9202BD781D9826F200968287 /* Products */ = {
			isa = PBXGroup;
			children = (
				9202BD771D9826F200968287 /* MyTwitter.app */,
			);
			name = Products;
			sourceTree = "<group>";
		};
		9202BD791D9826F200968287 /* MyTwitter */ = {
			isa = PBXGroup;
			children = (
				9202BD7A1D9826F200968287 /* AppDelegate.swift */,
				9202BD7C1D9826F200968287 /* ViewController.swift */,
				9202BD7E1D9826F200968287 /* Main.storyboard */,
				9202BD811D9826F200968287 /* Assets.xcassets */,
				9202BD831D9826F200968287 /* LaunchScreen.storyboard */,
				9202BD861D9826F200968287 /* Info.plist */,
			);
			path = MyTwitter;
			sourceTree = "<group>";
		};
/* End PBXGroup section */

/* Begin PBXNativeTarget section */
		9202BD761D9826F200968287 /* MyTwitter */ = {
			isa = PBXNativeTarget;
			buildConfigurationList = 9202BD891D9826F200968287 /* Build configuration list for PBXNativeTarget "MyTwitter" */;
			buildPhases = (
				9202BD731D9826F200968287 /* Sources */,
				9202BD741D9826F200968287 /* Frameworks */,
				9202BD751D9826F200968287 /* Resources */,
			);
			buildRules = (
			);
			dependencies = (
			);
			name = MyTwitter;
			productName = MyTwitter;
			productReference = 9202BD771D9826F200968287 /* MyTwitter.app */;
			productType = "com.apple.product-type.application";
		};
/* End PBXNativeTarget section */

/* Begin PBXProject section */
		9202BD6F1D9826F200968287 /* Project object */ = {
			isa = PBXProject;
			attributes = {
				LastSwiftUpdateCheck = 0800;
				LastUpgradeCheck = 0800;
				ORGANIZATIONNAME = "Denis Oliveira";
				TargetAttributes = {
					9202BD761D9826F200968287 = {
						CreatedOnToolsVersion = 8.0;
						DevelopmentTeam = 586VNRJHT8;
						ProvisioningStyle = Automatic;
					};
				};
			};
			buildConfigurationList = 9202BD721D9826F200968287 /* Build configuration list for PBXProject "MyTwitter" */;
			compatibilityVersion = "Xcode 3.2";
			developmentRegion = English;
			hasScannedForEncodings = 0;
			knownRegions = (
				en,
				Base,
			);
			mainGroup = 9202BD6E1D9826F200968287;
			productRefGroup = 9202BD781D9826F200968287 /* Products */;
			projectDirPath = "";
			projectRoot = "";
			targets = (
				9202BD761D9826F200968287 /* MyTwitter */,
			);
		};
/* End PBXProject section */

/* Begin PBXResourcesBuildPhase section */
		9202BD751D9826F200968287 /* Resources */ = {
			isa = PBXResourcesBuildPhase;
			buildActionMask = 2147483647;
			files = (
				9202BD851D9826F200968287 /* LaunchScreen.storyboard in Resources */,
				9202BD821D9826F200968287 /* Assets.xcassets in Resources */,
				9202BD801D9826F200968287 /* Main.storyboard in Resources */,
			);
			runOnlyForDeploymentPostprocessing = 0;
		};
/* End PBXResourcesBuildPhase section */

/* Begin PBXSourcesBuildPhase section */
		9202BD731D9826F200968287 /* Sources */ = {
			isa = PBXSourcesBuildPhase;
			buildActionMask = 2147483647;
			files = (
				9202BD7D1D9826F200968287 /* ViewController.swift in Sources */,
				9202BD7B1D9826F200968287 /* AppDelegate.swift in Sources */,
			);
			runOnlyForDeploymentPostprocessing = 0;
		};
/* End PBXSourcesBuildPhase section */

/* Begin PBXVariantGroup section */
		9202BD7E1D9826F200968287 /* Main.storyboard */ = {
			isa = PBXVariantGroup;
			children = (
				9202BD7F1D9826F200968287 /* Base */,
			);
			name = Main.storyboard;
			sourceTree = "<group>";
		};
		9202BD831D9826F200968287 /* LaunchScreen.storyboard */ = {
			isa = PBXVariantGroup;
			children = (
				9202BD841D9826F200968287 /* Base */,
			);
			name = LaunchScreen.storyboard;
			sourceTree = "<group>";
		};
/* End PBXVariantGroup section */

/* Begin XCBuildConfiguration section */
		9202BD871D9826F200968287 /* Debug */ = {
			isa = XCBuildConfiguration;
			buildSettings = {
				ALWAYS_SEARCH_USER_PATHS = NO;
				CLANG_ANALYZER_NONNULL = YES;
				CLANG_CXX_LANGUAGE_STANDARD = "gnu++0x";
				CLANG_CXX_LIBRARY = "libc++";
				CLANG_ENABLE_MODULES = YES;
				CLANG_ENABLE_OBJC_ARC = YES;
				CLANG_WARN_BOOL_CONVERSION = YES;
				CLANG_WARN_CONSTANT_CONVERSION = YES;
				CLANG_WARN_DIRECT_OBJC_ISA_USAGE = YES_ERROR;
				CLANG_WARN_DOCUMENTATION_COMMENTS = YES;
				CLANG_WARN_EMPTY_BODY = YES;
				CLANG_WARN_ENUM_CONVERSION = YES;
				CLANG_WARN_INFINITE_RECURSION = YES;
				CLANG_WARN_INT_CONVERSION = YES;
				CLANG_WARN_OBJC_ROOT_CLASS = YES_ERROR;
				CLANG_WARN_SUSPICIOUS_MOVES = YES;
				CLANG_WARN_UNREACHABLE_CODE = YES;
				CLANG_WARN__DUPLICATE_METHOD_MATCH = YES;
				"CODE_SIGN_IDENTITY[sdk=iphoneos*]" = "iPhone Developer";
				COPY_PHASE_STRIP = NO;
				DEBUG_INFORMATION_FORMAT = dwarf;
				ENABLE_STRICT_OBJC_MSGSEND = YES;
				ENABLE_TESTABILITY = YES;
				GCC_C_LANGUAGE_STANDARD = gnu99;
				GCC_DYNAMIC_NO_PIC = NO;
				GCC_NO_COMMON_BLOCKS = YES;
				GCC_OPTIMIZATION_LEVEL = 0;
				GCC_PREPROCESSOR_DEFINITIONS = (
					"DEBUG=1",
					"$(inherited)",
				);
				GCC_WARN_64_TO_32_BIT_CONVERSION = YES;
				GCC_WARN_ABOUT_RETURN_TYPE = YES_ERROR;
				GCC_WARN_UNDECLARED_SELECTOR = YES;
				GCC_WARN_UNINITIALIZED_AUTOS = YES_AGGRESSIVE;
				GCC_WARN_UNUSED_FUNCTION = YES;
				GCC_WARN_UNUSED_VARIABLE = YES;
				IPHONEOS_DEPLOYMENT_TARGET = 10.0;
				MTL_ENABLE_DEBUG_INFO = YES;
				ONLY_ACTIVE_ARCH = YES;
				SDKROOT = iphoneos;
				SWIFT_ACTIVE_COMPILATION_CONDITIONS = DEBUG;
				SWIFT_OPTIMIZATION_LEVEL = "-Onone";
			};
			name = Debug;
		};
		9202BD881D9826F200968287 /* Release */ = {
			isa = XCBuildConfiguration;
			buildSettings = {
				ALWAYS_SEARCH_USER_PATHS = NO;
				CLANG_ANALYZER_NONNULL = YES;
				CLANG_CXX_LANGUAGE_STANDARD = "gnu++0x";
				CLANG_CXX_LIBRARY = "libc++";
				CLANG_ENABLE_MODULES = YES;
				CLANG_ENABLE_OBJC_ARC = YES;
				CLANG_WARN_BOOL_CONVERSION = YES;
				CLANG_WARN_CONSTANT_CONVERSION = YES;
				CLANG_WARN_DIRECT_OBJC_ISA_USAGE = YES_ERROR;
				CLANG_WARN_DOCUMENTATION_COMMENTS = YES;
				CLANG_WARN_EMPTY_BODY = YES;
				CLANG_WARN_ENUM_CONVERSION = YES;
				CLANG_WARN_INFINITE_RECURSION = YES;
				CLANG_WARN_INT_CONVERSION = YES;
				CLANG_WARN_OBJC_ROOT_CLASS = YES_ERROR;
				CLANG_WARN_SUSPICIOUS_MOVES = YES;
				CLANG_WARN_UNREACHABLE_CODE = YES;
				CLANG_WARN__DUPLICATE_METHOD_MATCH = YES;
				"CODE_SIGN_IDENTITY[sdk=iphoneos*]" = "iPhone Developer";
				COPY_PHASE_STRIP = NO;
				DEBUG_INFORMATION_FORMAT = "dwarf-with-dsym";
				ENABLE_NS_ASSERTIONS = NO;
				ENABLE_STRICT_OBJC_MSGSEND = YES;
				GCC_C_LANGUAGE_STANDARD = gnu99;
				GCC_NO_COMMON_BLOCKS = YES;
				GCC_WARN_64_TO_32_BIT_CONVERSION = YES;
				GCC_WARN_ABOUT_RETURN_TYPE = YES_ERROR;
				GCC_WARN_UNDECLARED_SELECTOR = YES;
				GCC_WARN_UNINITIALIZED_AUTOS = YES_AGGRESSIVE;
				GCC_WARN_UNUSED_FUNCTION = YES;
				GCC_WARN_UNUSED_VARIABLE = YES;
				IPHONEOS_DEPLOYMENT_TARGET = 10.0;
				MTL_ENABLE_DEBUG_INFO = NO;
				SDKROOT = iphoneos;
				SWIFT_OPTIMIZATION_LEVEL = "-Owholemodule";
				VALIDATE_PRODUCT = YES;
			};
			name = Release;
		};
		9202BD8A1D9826F200968287 /* Debug */ = {
			isa = XCBuildConfiguration;
			buildSettings = {
				ASSETCATALOG_COMPILER_APPICON_NAME = AppIcon;
				DEVELOPMENT_TEAM = 586VNRJHT8;
				INFOPLIST_FILE = MyTwitter/Info.plist;
				LD_RUNPATH_SEARCH_PATHS = "$(inherited) @executable_path/Frameworks";
				PRODUCT_BUNDLE_IDENTIFIER = com.denisoliveira.MyTwitter;
				PRODUCT_NAME = "$(TARGET_NAME)";
				SWIFT_VERSION = 3.0;
			};
			name = Debug;
		};
		9202BD8B1D9826F200968287 /* Release */ = {
			isa = XCBuildConfiguration;
			buildSettings = {
				ASSETCATALOG_COMPILER_APPICON_NAME = AppIcon;
				DEVELOPMENT_TEAM = 586VNRJHT8;
				INFOPLIST_FILE = MyTwitter/Info.plist;
				LD_RUNPATH_SEARCH_PATHS = "$(inherited) @executable_path/Frameworks";
				PRODUCT_BUNDLE_IDENTIFIER = com.denisoliveira.MyTwitter;
				PRODUCT_NAME = "$(TARGET_NAME)";
				SWIFT_VERSION = 3.0;
			};
			name = Release;
		};
/* End XCBuildConfiguration section */

/* Begin XCConfigurationList section */
		9202BD721D9826F200968287 /* Build configuration list for PBXProject "MyTwitter" */ = {
			isa = XCConfigurationList;
			buildConfigurations = (
				9202BD871D9826F200968287 /* Debug */,
				9202BD881D9826F200968287 /* Release */,
			);
			defaultConfigurationIsVisible = 0;
			defaultConfigurationName = Release;
		};
		9202BD891D9826F200968287 /* Build configuration list for PBXNativeTarget "MyTwitter" */ = {
			isa = XCConfigurationList;
			buildConfigurations = (
				9202BD8A1D9826F200968287 /* Debug */,
				9202BD8B1D9826F200968287 /* Release */,
			);
			defaultConfigurationIsVisible = 0;
		};
/* End XCConfigurationList section */
	};
	rootObject = 9202BD6F1D9826F200968287 /* Project object */;
}
